// !$*UTF8*$!
{
	archiveVersion = 1;
	classes = {
	};
	objectVersion = 55;
	objects = {

/* Begin PBXBuildFile section */
		2BE31A6282DD3C125F7CE975 /* Pods_Countries.framework in Frameworks */ = {isa = PBXBuildFile; fileRef = 5580C288042ACA4D53C0003D /* Pods_Countries.framework */; };
		5104FE5128C210980093A077 /* AppDelegate.swift in Sources */ = {isa = PBXBuildFile; fileRef = 5104FE5028C210980093A077 /* AppDelegate.swift */; };
		5104FE5328C210980093A077 /* SceneDelegate.swift in Sources */ = {isa = PBXBuildFile; fileRef = 5104FE5228C210980093A077 /* SceneDelegate.swift */; };
		5104FE5828C210980093A077 /* Main.storyboard in Resources */ = {isa = PBXBuildFile; fileRef = 5104FE5628C210980093A077 /* Main.storyboard */; };
		5104FE5A28C2109B0093A077 /* Assets.xcassets in Resources */ = {isa = PBXBuildFile; fileRef = 5104FE5928C2109B0093A077 /* Assets.xcassets */; };
		5104FE5D28C2109B0093A077 /* LaunchScreen.storyboard in Resources */ = {isa = PBXBuildFile; fileRef = 5104FE5B28C2109B0093A077 /* LaunchScreen.storyboard */; };
		5104FE6528C32A210093A077 /* WebServices.swift in Sources */ = {isa = PBXBuildFile; fileRef = 5104FE6428C32A210093A077 /* WebServices.swift */; };
		5104FE6728C32A550093A077 /* CountryTableViewCell.swift in Sources */ = {isa = PBXBuildFile; fileRef = 5104FE6628C32A550093A077 /* CountryTableViewCell.swift */; };
		5104FE6C28C32CF80093A077 /* SavedViewController.swift in Sources */ = {isa = PBXBuildFile; fileRef = 5104FE6B28C32CF80093A077 /* SavedViewController.swift */; };
		5104FE6E28C32D010093A077 /* DetailViewController.swift in Sources */ = {isa = PBXBuildFile; fileRef = 5104FE6D28C32D010093A077 /* DetailViewController.swift */; };
		5104FE7028C32D440093A077 /* HomeViewController.swift in Sources */ = {isa = PBXBuildFile; fileRef = 5104FE6F28C32D440093A077 /* HomeViewController.swift */; };
		5104FE7928C342F40093A077 /* CountryDetail.swift in Sources */ = {isa = PBXBuildFile; fileRef = 5104FE7828C342F40093A077 /* CountryDetail.swift */; };
		515512AF28C4DD6F009086A5 /* StarCheckBoxButton.swift in Sources */ = {isa = PBXBuildFile; fileRef = 515512AE28C4DD6F009086A5 /* StarCheckBoxButton.swift */; };
		5198C17C28C655E000B632BC /* Country.swift in Sources */ = {isa = PBXBuildFile; fileRef = 5198C17B28C655E000B632BC /* Country.swift */; };
/* End PBXBuildFile section */

/* Begin PBXFileReference section */
		5104FE4D28C210980093A077 /* Countries.app */ = {isa = PBXFileReference; explicitFileType = wrapper.application; includeInIndex = 0; path = Countries.app; sourceTree = BUILT_PRODUCTS_DIR; };
		5104FE5028C210980093A077 /* AppDelegate.swift */ = {isa = PBXFileReference; lastKnownFileType = sourcecode.swift; path = AppDelegate.swift; sourceTree = "<group>"; };
		5104FE5228C210980093A077 /* SceneDelegate.swift */ = {isa = PBXFileReference; lastKnownFileType = sourcecode.swift; path = SceneDelegate.swift; sourceTree = "<group>"; };
		5104FE5728C210980093A077 /* Base */ = {isa = PBXFileReference; lastKnownFileType = file.storyboard; name = Base; path = Base.lproj/Main.storyboard; sourceTree = "<group>"; };
		5104FE5928C2109B0093A077 /* Assets.xcassets */ = {isa = PBXFileReference; lastKnownFileType = folder.assetcatalog; path = Assets.xcassets; sourceTree = "<group>"; };
		5104FE5C28C2109B0093A077 /* Base */ = {isa = PBXFileReference; lastKnownFileType = file.storyboard; name = Base; path = Base.lproj/LaunchScreen.storyboard; sourceTree = "<group>"; };
		5104FE5E28C2109B0093A077 /* Info.plist */ = {isa = PBXFileReference; lastKnownFileType = text.plist.xml; path = Info.plist; sourceTree = "<group>"; };
		5104FE6428C32A210093A077 /* WebServices.swift */ = {isa = PBXFileReference; lastKnownFileType = sourcecode.swift; path = WebServices.swift; sourceTree = "<group>"; };
		5104FE6628C32A550093A077 /* CountryTableViewCell.swift */ = {isa = PBXFileReference; lastKnownFileType = sourcecode.swift; path = CountryTableViewCell.swift; sourceTree = "<group>"; };
		5104FE6B28C32CF80093A077 /* SavedViewController.swift */ = {isa = PBXFileReference; lastKnownFileType = sourcecode.swift; path = SavedViewController.swift; sourceTree = "<group>"; };
		5104FE6D28C32D010093A077 /* DetailViewController.swift */ = {isa = PBXFileReference; lastKnownFileType = sourcecode.swift; path = DetailViewController.swift; sourceTree = "<group>"; };
		5104FE6F28C32D440093A077 /* HomeViewController.swift */ = {isa = PBXFileReference; lastKnownFileType = sourcecode.swift; path = HomeViewController.swift; sourceTree = "<group>"; };
		5104FE7828C342F40093A077 /* CountryDetail.swift */ = {isa = PBXFileReference; lastKnownFileType = sourcecode.swift; path = CountryDetail.swift; sourceTree = "<group>"; };
		515512AE28C4DD6F009086A5 /* StarCheckBoxButton.swift */ = {isa = PBXFileReference; lastKnownFileType = sourcecode.swift; path = StarCheckBoxButton.swift; sourceTree = "<group>"; };
		5198C17B28C655E000B632BC /* Country.swift */ = {isa = PBXFileReference; lastKnownFileType = sourcecode.swift; path = Country.swift; sourceTree = "<group>"; };
		5580C288042ACA4D53C0003D /* Pods_Countries.framework */ = {isa = PBXFileReference; explicitFileType = wrapper.framework; includeInIndex = 0; path = Pods_Countries.framework; sourceTree = BUILT_PRODUCTS_DIR; };
		B37877A46DD754CE53198044 /* Pods-Countries.debug.xcconfig */ = {isa = PBXFileReference; includeInIndex = 1; lastKnownFileType = text.xcconfig; name = "Pods-Countries.debug.xcconfig"; path = "Target Support Files/Pods-Countries/Pods-Countries.debug.xcconfig"; sourceTree = "<group>"; };
		D598FDC41823D86BB7340DA6 /* Pods-Countries.release.xcconfig */ = {isa = PBXFileReference; includeInIndex = 1; lastKnownFileType = text.xcconfig; name = "Pods-Countries.release.xcconfig"; path = "Target Support Files/Pods-Countries/Pods-Countries.release.xcconfig"; sourceTree = "<group>"; };
/* End PBXFileReference section */

/* Begin PBXFrameworksBuildPhase section */
		5104FE4A28C210980093A077 /* Frameworks */ = {
			isa = PBXFrameworksBuildPhase;
			buildActionMask = 2147483647;
			files = (
				2BE31A6282DD3C125F7CE975 /* Pods_Countries.framework in Frameworks */,
			);
			runOnlyForDeploymentPostprocessing = 0;
		};
/* End PBXFrameworksBuildPhase section */

/* Begin PBXGroup section */
		010C56D282AFE5EB4AA5572B /* Frameworks */ = {
			isa = PBXGroup;
			children = (
				5580C288042ACA4D53C0003D /* Pods_Countries.framework */,
			);
			name = Frameworks;
			sourceTree = "<group>";
		};
		5104FE4428C210980093A077 = {
			isa = PBXGroup;
			children = (
				5104FE4F28C210980093A077 /* Countries */,
				5104FE4E28C210980093A077 /* Products */,
				6B3D32880C1700492EDB05B3 /* Pods */,
				010C56D282AFE5EB4AA5572B /* Frameworks */,
			);
			sourceTree = "<group>";
		};
		5104FE4E28C210980093A077 /* Products */ = {
			isa = PBXGroup;
			children = (
				5104FE4D28C210980093A077 /* Countries.app */,
			);
			name = Products;
			sourceTree = "<group>";
		};
		5104FE4F28C210980093A077 /* Countries */ = {
			isa = PBXGroup;
			children = (
				5104FE7328C333090093A077 /* Models */,
				5104FE7128C332E70093A077 /* Views */,
				5104FE7428C333100093A077 /* View-Models */,
				5104FE6828C32CD60093A077 /* Controllers */,
				5104FE7228C332FC0093A077 /* Storyboards */,
				5104FE7528C3333F0093A077 /* WebServices */,
				5104FE5028C210980093A077 /* AppDelegate.swift */,
				5104FE5228C210980093A077 /* SceneDelegate.swift */,
				5104FE5928C2109B0093A077 /* Assets.xcassets */,
				5104FE5E28C2109B0093A077 /* Info.plist */,
			);
			path = Countries;
			sourceTree = "<group>";
		};
		5104FE6828C32CD60093A077 /* Controllers */ = {
			isa = PBXGroup;
			children = (
				5104FE6B28C32CF80093A077 /* SavedViewController.swift */,
				5104FE6D28C32D010093A077 /* DetailViewController.swift */,
				5104FE6F28C32D440093A077 /* HomeViewController.swift */,
			);
			path = Controllers;
			sourceTree = "<group>";
		};
		5104FE7128C332E70093A077 /* Views */ = {
			isa = PBXGroup;
			children = (
				5104FE6628C32A550093A077 /* CountryTableViewCell.swift */,
				515512AE28C4DD6F009086A5 /* StarCheckBoxButton.swift */,
			);
			path = Views;
			sourceTree = "<group>";
		};
		5104FE7228C332FC0093A077 /* Storyboards */ = {
			isa = PBXGroup;
			children = (
				5104FE5628C210980093A077 /* Main.storyboard */,
				5104FE5B28C2109B0093A077 /* LaunchScreen.storyboard */,
			);
			path = Storyboards;
			sourceTree = "<group>";
		};
		5104FE7328C333090093A077 /* Models */ = {
			isa = PBXGroup;
			children = (
				5104FE7828C342F40093A077 /* CountryDetail.swift */,
				5198C17B28C655E000B632BC /* Country.swift */,
			);
			path = Models;
			sourceTree = "<group>";
		};
		5104FE7428C333100093A077 /* View-Models */ = {
			isa = PBXGroup;
			children = (
			);
			path = "View-Models";
			sourceTree = "<group>";
		};
		5104FE7528C3333F0093A077 /* WebServices */ = {
			isa = PBXGroup;
			children = (
				5104FE6428C32A210093A077 /* WebServices.swift */,
			);
			path = WebServices;
			sourceTree = "<group>";
		};
		6B3D32880C1700492EDB05B3 /* Pods */ = {
			isa = PBXGroup;
			children = (
				B37877A46DD754CE53198044 /* Pods-Countries.debug.xcconfig */,
				D598FDC41823D86BB7340DA6 /* Pods-Countries.release.xcconfig */,
			);
			path = Pods;
			sourceTree = "<group>";
		};
/* End PBXGroup section */

/* Begin PBXNativeTarget section */
		5104FE4C28C210980093A077 /* Countries */ = {
			isa = PBXNativeTarget;
			buildConfigurationList = 5104FE6128C2109B0093A077 /* Build configuration list for PBXNativeTarget "Countries" */;
			buildPhases = (
				5EDFA88ACC9A484EE6BF6F34 /* [CP] Check Pods Manifest.lock */,
				5104FE4928C210980093A077 /* Sources */,
				5104FE4A28C210980093A077 /* Frameworks */,
				5104FE4B28C210980093A077 /* Resources */,
				923D7C3B6BE55517CD50CFE5 /* [CP] Embed Pods Frameworks */,
			);
			buildRules = (
			);
			dependencies = (
			);
			name = Countries;
			productName = Countries;
			productReference = 5104FE4D28C210980093A077 /* Countries.app */;
			productType = "com.apple.product-type.application";
		};
/* End PBXNativeTarget section */

/* Begin PBXProject section */
		5104FE4528C210980093A077 /* Project object */ = {
			isa = PBXProject;
			attributes = {
				BuildIndependentTargetsInParallel = 1;
				LastSwiftUpdateCheck = 1340;
				LastUpgradeCheck = 1340;
				TargetAttributes = {
					5104FE4C28C210980093A077 = {
						CreatedOnToolsVersion = 13.4.1;
					};
				};
			};
			buildConfigurationList = 5104FE4828C210980093A077 /* Build configuration list for PBXProject "Countries" */;
			compatibilityVersion = "Xcode 13.0";
			developmentRegion = en;
			hasScannedForEncodings = 0;
			knownRegions = (
				en,
				Base,
			);
			mainGroup = 5104FE4428C210980093A077;
			productRefGroup = 5104FE4E28C210980093A077 /* Products */;
			projectDirPath = "";
			projectRoot = "";
			targets = (
				5104FE4C28C210980093A077 /* Countries */,
			);
		};
/* End PBXProject section */

/* Begin PBXResourcesBuildPhase section */
		5104FE4B28C210980093A077 /* Resources */ = {
			isa = PBXResourcesBuildPhase;
			buildActionMask = 2147483647;
			files = (
				5104FE5D28C2109B0093A077 /* LaunchScreen.storyboard in Resources */,
				5104FE5A28C2109B0093A077 /* Assets.xcassets in Resources */,
				5104FE5828C210980093A077 /* Main.storyboard in Resources */,
			);
			runOnlyForDeploymentPostprocessing = 0;
		};
/* End PBXResourcesBuildPhase section */

/* Begin PBXShellScriptBuildPhase section */
		5EDFA88ACC9A484EE6BF6F34 /* [CP] Check Pods Manifest.lock */ = {
			isa = PBXShellScriptBuildPhase;
			buildActionMask = 2147483647;
			files = (
			);
			inputFileListPaths = (
			);
			inputPaths = (
				"${PODS_PODFILE_DIR_PATH}/Podfile.lock",
				"${PODS_ROOT}/Manifest.lock",
			);
			name = "[CP] Check Pods Manifest.lock";
			outputFileListPaths = (
			);
			outputPaths = (
				"$(DERIVED_FILE_DIR)/Pods-Countries-checkManifestLockResult.txt",
			);
			runOnlyForDeploymentPostprocessing = 0;
			shellPath = /bin/sh;
			shellScript = "diff \"${PODS_PODFILE_DIR_PATH}/Podfile.lock\" \"${PODS_ROOT}/Manifest.lock\" > /dev/null\nif [ $? != 0 ] ; then\n    # print error to STDERR\n    echo \"error: The sandbox is not in sync with the Podfile.lock. Run 'pod install' or update your CocoaPods installation.\" >&2\n    exit 1\nfi\n# This output is used by Xcode 'outputs' to avoid re-running this script phase.\necho \"SUCCESS\" > \"${SCRIPT_OUTPUT_FILE_0}\"\n";
			showEnvVarsInLog = 0;
		};
		923D7C3B6BE55517CD50CFE5 /* [CP] Embed Pods Frameworks */ = {
			isa = PBXShellScriptBuildPhase;
			buildActionMask = 2147483647;
			files = (
			);
			inputFileListPaths = (
				"${PODS_ROOT}/Target Support Files/Pods-Countries/Pods-Countries-frameworks-${CONFIGURATION}-input-files.xcfilelist",
			);
			name = "[CP] Embed Pods Frameworks";
			outputFileListPaths = (
				"${PODS_ROOT}/Target Support Files/Pods-Countries/Pods-Countries-frameworks-${CONFIGURATION}-output-files.xcfilelist",
			);
			runOnlyForDeploymentPostprocessing = 0;
			shellPath = /bin/sh;
			shellScript = "\"${PODS_ROOT}/Target Support Files/Pods-Countries/Pods-Countries-frameworks.sh\"\n";
			showEnvVarsInLog = 0;
		};
/* End PBXShellScriptBuildPhase section */

/* Begin PBXSourcesBuildPhase section */
		5104FE4928C210980093A077 /* Sources */ = {
			isa = PBXSourcesBuildPhase;
			buildActionMask = 2147483647;
			files = (
				515512AF28C4DD6F009086A5 /* StarCheckBoxButton.swift in Sources */,
				5104FE5128C210980093A077 /* AppDelegate.swift in Sources */,
				5104FE6C28C32CF80093A077 /* SavedViewController.swift in Sources */,
				5104FE7028C32D440093A077 /* HomeViewController.swift in Sources */,
				5104FE6528C32A210093A077 /* WebServices.swift in Sources */,
				5104FE7928C342F40093A077 /* CountryDetail.swift in Sources */,
				5104FE5328C210980093A077 /* SceneDelegate.swift in Sources */,
				5104FE6728C32A550093A077 /* CountryTableViewCell.swift in Sources */,
				5198C17C28C655E000B632BC /* Country.swift in Sources */,
				5104FE6E28C32D010093A077 /* DetailViewController.swift in Sources */,
			);
			runOnlyForDeploymentPostprocessing = 0;
		};
/* End PBXSourcesBuildPhase section */

/* Begin PBXVariantGroup section */
		5104FE5628C210980093A077 /* Main.storyboard */ = {
			isa = PBXVariantGroup;
			children = (
				5104FE5728C210980093A077 /* Base */,
			);
			name = Main.storyboard;
			sourceTree = "<group>";
		};
		5104FE5B28C2109B0093A077 /* LaunchScreen.storyboard */ = {
			isa = PBXVariantGroup;
			children = (
				5104FE5C28C2109B0093A077 /* Base */,
			);
			name = LaunchScreen.storyboard;
			sourceTree = "<group>";
		};
/* End PBXVariantGroup section */

/* Begin XCBuildConfiguration section */
		5104FE5F28C2109B0093A077 /* Debug */ = {
			isa = XCBuildConfiguration;
			buildSettings = {
				ALWAYS_SEARCH_USER_PATHS = NO;
				CLANG_ANALYZER_NONNULL = YES;
				CLANG_ANALYZER_NUMBER_OBJECT_CONVERSION = YES_AGGRESSIVE;
				CLANG_CXX_LANGUAGE_STANDARD = "gnu++17";
				CLANG_ENABLE_MODULES = YES;
				CLANG_ENABLE_OBJC_ARC = YES;
				CLANG_ENABLE_OBJC_WEAK = YES;
				CLANG_WARN_BLOCK_CAPTURE_AUTORELEASING = YES;
				CLANG_WARN_BOOL_CONVERSION = YES;
				CLANG_WARN_COMMA = YES;
				CLANG_WARN_CONSTANT_CONVERSION = YES;
				CLANG_WARN_DEPRECATED_OBJC_IMPLEMENTATIONS = YES;
				CLANG_WARN_DIRECT_OBJC_ISA_USAGE = YES_ERROR;
				CLANG_WARN_DOCUMENTATION_COMMENTS = YES;
				CLANG_WARN_EMPTY_BODY = YES;
				CLANG_WARN_ENUM_CONVERSION = YES;
				CLANG_WARN_INFINITE_RECURSION = YES;
				CLANG_WARN_INT_CONVERSION = YES;
				CLANG_WARN_NON_LITERAL_NULL_CONVERSION = YES;
				CLANG_WARN_OBJC_IMPLICIT_RETAIN_SELF = YES;
				CLANG_WARN_OBJC_LITERAL_CONVERSION = YES;
				CLANG_WARN_OBJC_ROOT_CLASS = YES_ERROR;
				CLANG_WARN_QUOTED_INCLUDE_IN_FRAMEWORK_HEADER = YES;
				CLANG_WARN_RANGE_LOOP_ANALYSIS = YES;
				CLANG_WARN_STRICT_PROTOTYPES = YES;
				CLANG_WARN_SUSPICIOUS_MOVE = YES;
				CLANG_WARN_UNGUARDED_AVAILABILITY = YES_AGGRESSIVE;
				CLANG_WARN_UNREACHABLE_CODE = YES;
				CLANG_WARN__DUPLICATE_METHOD_MATCH = YES;
				COPY_PHASE_STRIP = NO;
				DEBUG_INFORMATION_FORMAT = dwarf;
				ENABLE_STRICT_OBJC_MSGSEND = YES;
				ENABLE_TESTABILITY = YES;
				GCC_C_LANGUAGE_STANDARD = gnu11;
				GCC_DYNAMIC_NO_PIC = NO;
				GCC_NO_COMMON_BLOCKS = YES;
				GCC_OPTIMIZATION_LEVEL = 0;
				GCC_PREPROCESSOR_DEFINITIONS = (
					"DEBUG=1",
					"$(inherited)",
				);
				GCC_WARN_64_TO_32_BIT_CONVERSION = YES;
				GCC_WARN_ABOUT_RETURN_TYPE = YES_ERROR;
				GCC_WARN_UNDECLARED_SELECTOR = YES;
				GCC_WARN_UNINITIALIZED_AUTOS = YES_AGGRESSIVE;
				GCC_WARN_UNUSED_FUNCTION = YES;
				GCC_WARN_UNUSED_VARIABLE = YES;
				IPHONEOS_DEPLOYMENT_TARGET = 15.5;
				MTL_ENABLE_DEBUG_INFO = INCLUDE_SOURCE;
				MTL_FAST_MATH = YES;
				ONLY_ACTIVE_ARCH = YES;
				SDKROOT = iphoneos;
				SWIFT_ACTIVE_COMPILATION_CONDITIONS = DEBUG;
				SWIFT_OPTIMIZATION_LEVEL = "-Onone";
			};
			name = Debug;
		};
		5104FE6028C2109B0093A077 /* Release */ = {
			isa = XCBuildConfiguration;
			buildSettings = {
				ALWAYS_SEARCH_USER_PATHS = NO;
				CLANG_ANALYZER_NONNULL = YES;
				CLANG_ANALYZER_NUMBER_OBJECT_CONVERSION = YES_AGGRESSIVE;
				CLANG_CXX_LANGUAGE_STANDARD = "gnu++17";
				CLANG_ENABLE_MODULES = YES;
				CLANG_ENABLE_OBJC_ARC = YES;
				CLANG_ENABLE_OBJC_WEAK = YES;
				CLANG_WARN_BLOCK_CAPTURE_AUTORELEASING = YES;
				CLANG_WARN_BOOL_CONVERSION = YES;
				CLANG_WARN_COMMA = YES;
				CLANG_WARN_CONSTANT_CONVERSION = YES;
				CLANG_WARN_DEPRECATED_OBJC_IMPLEMENTATIONS = YES;
				CLANG_WARN_DIRECT_OBJC_ISA_USAGE = YES_ERROR;
				CLANG_WARN_DOCUMENTATION_COMMENTS = YES;
				CLANG_WARN_EMPTY_BODY = YES;
				CLANG_WARN_ENUM_CONVERSION = YES;
				CLANG_WARN_INFINITE_RECURSION = YES;
				CLANG_WARN_INT_CONVERSION = YES;
				CLANG_WARN_NON_LITERAL_NULL_CONVERSION = YES;
				CLANG_WARN_OBJC_IMPLICIT_RETAIN_SELF = YES;
				CLANG_WARN_OBJC_LITERAL_CONVERSION = YES;
				CLANG_WARN_OBJC_ROOT_CLASS = YES_ERROR;
				CLANG_WARN_QUOTED_INCLUDE_IN_FRAMEWORK_HEADER = YES;
				CLANG_WARN_RANGE_LOOP_ANALYSIS = YES;
				CLANG_WARN_STRICT_PROTOTYPES = YES;
				CLANG_WARN_SUSPICIOUS_MOVE = YES;
				CLANG_WARN_UNGUARDED_AVAILABILITY = YES_AGGRESSIVE;
				CLANG_WARN_UNREACHABLE_CODE = YES;
				CLANG_WARN__DUPLICATE_METHOD_MATCH = YES;
				COPY_PHASE_STRIP = NO;
				DEBUG_INFORMATION_FORMAT = "dwarf-with-dsym";
				ENABLE_NS_ASSERTIONS = NO;
				ENABLE_STRICT_OBJC_MSGSEND = YES;
				GCC_C_LANGUAGE_STANDARD = gnu11;
				GCC_NO_COMMON_BLOCKS = YES;
				GCC_WARN_64_TO_32_BIT_CONVERSION = YES;
				GCC_WARN_ABOUT_RETURN_TYPE = YES_ERROR;
				GCC_WARN_UNDECLARED_SELECTOR = YES;
				GCC_WARN_UNINITIALIZED_AUTOS = YES_AGGRESSIVE;
				GCC_WARN_UNUSED_FUNCTION = YES;
				GCC_WARN_UNUSED_VARIABLE = YES;
				IPHONEOS_DEPLOYMENT_TARGET = 15.5;
				MTL_ENABLE_DEBUG_INFO = NO;
				MTL_FAST_MATH = YES;
				SDKROOT = iphoneos;
				SWIFT_COMPILATION_MODE = wholemodule;
				SWIFT_OPTIMIZATION_LEVEL = "-O";
				VALIDATE_PRODUCT = YES;
			};
			name = Release;
		};
		5104FE6228C2109B0093A077 /* Debug */ = {
			isa = XCBuildConfiguration;
			baseConfigurationReference = B37877A46DD754CE53198044 /* Pods-Countries.debug.xcconfig */;
			buildSettings = {
				ASSETCATALOG_COMPILER_APPICON_NAME = AppIcon;
				ASSETCATALOG_COMPILER_GLOBAL_ACCENT_COLOR_NAME = AccentColor;
				CODE_SIGN_STYLE = Automatic;
				CURRENT_PROJECT_VERSION = 1;
				DEVELOPMENT_TEAM = Z29379LUQZ;
				GENERATE_INFOPLIST_FILE = YES;
				INFOPLIST_FILE = Countries/Info.plist;
				INFOPLIST_KEY_UIApplicationSupportsIndirectInputEvents = YES;
				INFOPLIST_KEY_UILaunchStoryboardName = LaunchScreen;
				INFOPLIST_KEY_UIMainStoryboardFile = Main;
				INFOPLIST_KEY_UISupportedInterfaceOrientations_iPad = "UIInterfaceOrientationPortrait UIInterfaceOrientationPortraitUpsideDown UIInterfaceOrientationLandscapeLeft UIInterfaceOrientationLandscapeRight";
				INFOPLIST_KEY_UISupportedInterfaceOrientations_iPhone = "UIInterfaceOrientationPortrait UIInterfaceOrientationLandscapeLeft UIInterfaceOrientationLandscapeRight";
				LD_RUNPATH_SEARCH_PATHS = (
					"$(inherited)",
					"@executable_path/Frameworks",
				);
				MARKETING_VERSION = 1.0;
				PRODUCT_BUNDLE_IDENTIFIER = com.mcb.Countries;
				PRODUCT_NAME = "$(TARGET_NAME)";
				SWIFT_EMIT_LOC_STRINGS = YES;
				SWIFT_VERSION = 5.0;
				TARGETED_DEVICE_FAMILY = 1;
			};
			name = Debug;
		};
		5104FE6328C2109B0093A077 /* Release */ = {
			isa = XCBuildConfiguration;
			baseConfigurationReference = D598FDC41823D86BB7340DA6 /* Pods-Countries.release.xcconfig */;
			buildSettings = {
				ASSETCATALOG_COMPILER_APPICON_NAME = AppIcon;
				ASSETCATALOG_COMPILER_GLOBAL_ACCENT_COLOR_NAME = AccentColor;
				CODE_SIGN_STYLE = Automatic;
				CURRENT_PROJECT_VERSION = 1;
				DEVELOPMENT_TEAM = Z29379LUQZ;
				GENERATE_INFOPLIST_FILE = YES;
				INFOPLIST_FILE = Countries/Info.plist;
				INFOPLIST_KEY_UIApplicationSupportsIndirectInputEvents = YES;
				INFOPLIST_KEY_UILaunchStoryboardName = LaunchScreen;
				INFOPLIST_KEY_UIMainStoryboardFile = Main;
				INFOPLIST_KEY_UISupportedInterfaceOrientations_iPad = "UIInterfaceOrientationPortrait UIInterfaceOrientationPortraitUpsideDown UIInterfaceOrientationLandscapeLeft UIInterfaceOrientationLandscapeRight";
				INFOPLIST_KEY_UISupportedInterfaceOrientations_iPhone = "UIInterfaceOrientationPortrait UIInterfaceOrientationLandscapeLeft UIInterfaceOrientationLandscapeRight";
				LD_RUNPATH_SEARCH_PATHS = (
					"$(inherited)",
					"@executable_path/Frameworks",
				);
				MARKETING_VERSION = 1.0;
				PRODUCT_BUNDLE_IDENTIFIER = com.mcb.Countries;
				PRODUCT_NAME = "$(TARGET_NAME)";
				SWIFT_EMIT_LOC_STRINGS = YES;
				SWIFT_VERSION = 5.0;
				TARGETED_DEVICE_FAMILY = 1;
			};
			name = Release;
		};
/* End XCBuildConfiguration section */

/* Begin XCConfigurationList section */
		5104FE4828C210980093A077 /* Build configuration list for PBXProject "Countries" */ = {
			isa = XCConfigurationList;
			buildConfigurations = (
				5104FE5F28C2109B0093A077 /* Debug */,
				5104FE6028C2109B0093A077 /* Release */,
			);
			defaultConfigurationIsVisible = 0;
			defaultConfigurationName = Release;
		};
		5104FE6128C2109B0093A077 /* Build configuration list for PBXNativeTarget "Countries" */ = {
			isa = XCConfigurationList;
			buildConfigurations = (
				5104FE6228C2109B0093A077 /* Debug */,
				5104FE6328C2109B0093A077 /* Release */,
			);
			defaultConfigurationIsVisible = 0;
			defaultConfigurationName = Release;
		};
/* End XCConfigurationList section */
	};
	rootObject = 5104FE4528C210980093A077 /* Project object */;
}
